
Microsoft Visual Studio Solution File, Format Version 12.00
# Visual Studio 15
VisualStudioVersion = 15.0.28307.421
MinimumVisualStudioVersion = 10.0.40219.1
Project("{FAE04EC0-301F-11D3-BF4B-00C04F79EFBC}") = "GenericInventorySystem", "GenericInventorySystem\GenericInventorySystem.csproj", "{1D522675-9953-4544-9A84-8697C115503D}"
EndProject
Global
	GlobalSection(SolutionConfigurationPlatforms) = preSolution
		Debug|Any CPU = Debug|Any CPU
		Release|Any CPU = Release|Any CPU
	EndGlobalSection
	GlobalSection(ProjectConfigurationPlatforms) = postSolution
		{1D522675-9953-4544-9A84-8697C115503D}.Debug|Any CPU.ActiveCfg = Debug|Any CPU
		{1D522675-9953-4544-9A84-8697C115503D}.Debug|Any CPU.Build.0 = Debug|Any CPU
		{1D522675-9953-4544-9A84-8697C115503D}.Release|Any CPU.ActiveCfg = Release|Any CPU
		{1D522675-9953-4544-9A84-8697C115503D}.Release|Any CPU.Build.0 = Release|Any CPU
	EndGlobalSection
	GlobalSection(SolutionProperties) = preSolution
		HideSolutionNode = FALSE
	EndGlobalSection
	GlobalSection(ExtensibilityGlobals) = postSolution
		SolutionGuid = {D9051457-2421-4E85-905A-73F2B7939218}
	EndGlobalSection
EndGlobal
